
Microsoft Visual Studio Solution File, Format Version 12.00
# Visual Studio Version 16
VisualStudioVersion = 16.0.31911.196
MinimumVisualStudioVersion = 10.0.40219.1
Project("{9A19103F-16F7-4668-BE54-9A1E7A4F7556}") = "chapter.webapi", "chapter.webapi\chapter.webapi.csproj", "{989F6121-5EF4-4A43-A211-B1389BA03A28}"
EndProject
Project("{FAE04EC0-301F-11D3-BF4B-00C04F79EFBC}") = "TesteXUnit", "TesteXUnit\TesteXUnit.csproj", "{DC982401-946B-4A8E-8D58-F44579D22C79}"
EndProject
Global
	GlobalSection(SolutionConfigurationPlatforms) = preSolution
		Debug|Any CPU = Debug|Any CPU
		Release|Any CPU = Release|Any CPU
	EndGlobalSection
	GlobalSection(ProjectConfigurationPlatforms) = postSolution
		{989F6121-5EF4-4A43-A211-B1389BA03A28}.Debug|Any CPU.ActiveCfg = Debug|Any CPU
		{989F6121-5EF4-4A43-A211-B1389BA03A28}.Debug|Any CPU.Build.0 = Debug|Any CPU
		{989F6121-5EF4-4A43-A211-B1389BA03A28}.Release|Any CPU.ActiveCfg = Release|Any CPU
		{989F6121-5EF4-4A43-A211-B1389BA03A28}.Release|Any CPU.Build.0 = Release|Any CPU
		{DC982401-946B-4A8E-8D58-F44579D22C79}.Debug|Any CPU.ActiveCfg = Debug|Any CPU
		{DC982401-946B-4A8E-8D58-F44579D22C79}.Debug|Any CPU.Build.0 = Debug|Any CPU
		{DC982401-946B-4A8E-8D58-F44579D22C79}.Release|Any CPU.ActiveCfg = Release|Any CPU
		{DC982401-946B-4A8E-8D58-F44579D22C79}.Release|Any CPU.Build.0 = Release|Any CPU
	EndGlobalSection
	GlobalSection(SolutionProperties) = preSolution
		HideSolutionNode = FALSE
	EndGlobalSection
	GlobalSection(ExtensibilityGlobals) = postSolution
		SolutionGuid = {6E1B4415-4D21-45D9-9ADF-2BBF0B003224}
	EndGlobalSection
EndGlobal
